PODS:
  - iFlexCocoa (0.1.0):
    - YogaKit (~> 1.18.0)
  - Yoga (1.14.0)
  - YogaKit (1.18.1):
    - Yoga (~> 1.14)

DEPENDENCIES:
  - iFlexCocoa (from `../`)

SPEC REPOS:
  trunk:
    - Yoga
    - YogaKit

EXTERNAL SOURCES:
  iFlexCocoa:
    :path: "../"

SPEC CHECKSUMS:
  iFlexCocoa: 53939a9d481f82ef1f9f8c8df3bfa74ff1e023d3
  Yoga: cff67a400f6b74dc38eb0bad4f156673d9aa980c
  YogaKit: f782866e155069a2cca2517aafea43200b01fd5a

PODFILE CHECKSUM: 7e9e055f946934cb09fe58fe252586035fa0ce46

COCOAPODS: 1.9.3
